
Microsoft Visual Studio Solution File, Format Version 12.00
# Visual Studio Version 16
VisualStudioVersion = 16.0.31112.23
MinimumVisualStudioVersion = 10.0.40219.1
Project("{9A19103F-16F7-4668-BE54-9A1E7A4F7556}") = "Call_Python", "Call_Python\Call_Python.csproj", "{5F2A2A24-CAA2-4C97-8475-8A5205F36ED1}"
EndProject
Project("{888888A0-9F3D-457C-B088-3A5042F75D52}") = "list_jpg_disp", "list_jpg_disp\list_jpg_disp.pyproj", "{F1F3032D-96D1-4874-A2BC-63E8FAD0CE48}"
EndProject
Project("{888888A0-9F3D-457C-B088-3A5042F75D52}") = "select_jpg_disp", "select_jpg_disp\select_jpg_disp.pyproj", "{E3D7E54C-E9EC-4AD7-9979-7F0B3DE53F58}"
EndProject
Project("{888888A0-9F3D-457C-B088-3A5042F75D52}") = "MP4_play", "MP4_play\MP4_play.pyproj", "{650D7DA4-7E39-46C5-A9CC-15FE855C4000}"
EndProject
Project("{888888A0-9F3D-457C-B088-3A5042F75D52}") = "tkinter_memo", "tkinter_memo\tkinter_memo.pyproj", "{E9F477E2-6D3F-4EAF-8615-359DF84295CD}"
EndProject
Project("{888888A0-9F3D-457C-B088-3A5042F75D52}") = "button_jpg_folder", "button_jpg_folder\button_jpg_folder.pyproj", "{9779D606-715C-4978-8866-4B550D7401EE}"
EndProject
Project("{888888A0-9F3D-457C-B088-3A5042F75D52}") = "kenban", "kenban\kenban.pyproj", "{55CC4358-FF75-4EAF-80F3-A34E095DFA0F}"
EndProject
Project("{888888A0-9F3D-457C-B088-3A5042F75D52}") = "janken", "janken\janken.pyproj", "{14CF2EDD-75E4-4206-84A5-3E31440D8B70}"
EndProject
Project("{888888A0-9F3D-457C-B088-3A5042F75D52}") = "jpg_list_rgb", "jpg_list_rgb\jpg_list_rgb.pyproj", "{6C994C8B-F3DA-4958-B486-6291518EA9DF}"
EndProject
Project("{888888A0-9F3D-457C-B088-3A5042F75D52}") = "diary_memo", "diary_memo\diary_memo.pyproj", "{89D943D4-305C-4B12-B6B5-1B822E90C301}"
EndProject
Project("{888888A0-9F3D-457C-B088-3A5042F75D52}") = "large_and_small", "large_and_small\large_and_small.pyproj", "{BD1031B8-65CC-47A5-B8A3-8881AEB5D33E}"
EndProject
Project("{888888A0-9F3D-457C-B088-3A5042F75D52}") = "select_jpg_disp_multi", "select_jpg_disp_multi\select_jpg_disp_multi.pyproj", "{5063507E-F1D3-416A-90AE-7CB5EA7CD7C5}"
EndProject
Project("{888888A0-9F3D-457C-B088-3A5042F75D52}") = "button_jpg_back", "button_jpg_back\button_jpg_back.pyproj", "{71E107DC-CDE3-4E87-A8D3-0AC8F9D164B3}"
EndProject
Project("{888888A0-9F3D-457C-B088-3A5042F75D52}") = "button_test", "button_test\button_test.pyproj", "{7B73DCB0-5AF2-4A8B-B8F9-23DA0957C68C}"
EndProject
Global
	GlobalSection(SolutionConfigurationPlatforms) = preSolution
		Debug|Any CPU = Debug|Any CPU
		Release|Any CPU = Release|Any CPU
	EndGlobalSection
	GlobalSection(ProjectConfigurationPlatforms) = postSolution
		{5F2A2A24-CAA2-4C97-8475-8A5205F36ED1}.Debug|Any CPU.ActiveCfg = Debug|Any CPU
		{5F2A2A24-CAA2-4C97-8475-8A5205F36ED1}.Debug|Any CPU.Build.0 = Debug|Any CPU
		{5F2A2A24-CAA2-4C97-8475-8A5205F36ED1}.Release|Any CPU.ActiveCfg = Release|Any CPU
		{5F2A2A24-CAA2-4C97-8475-8A5205F36ED1}.Release|Any CPU.Build.0 = Release|Any CPU
		{F1F3032D-96D1-4874-A2BC-63E8FAD0CE48}.Debug|Any CPU.ActiveCfg = Debug|Any CPU
		{F1F3032D-96D1-4874-A2BC-63E8FAD0CE48}.Release|Any CPU.ActiveCfg = Release|Any CPU
		{E3D7E54C-E9EC-4AD7-9979-7F0B3DE53F58}.Debug|Any CPU.ActiveCfg = Debug|Any CPU
		{E3D7E54C-E9EC-4AD7-9979-7F0B3DE53F58}.Release|Any CPU.ActiveCfg = Release|Any CPU
		{650D7DA4-7E39-46C5-A9CC-15FE855C4000}.Debug|Any CPU.ActiveCfg = Debug|Any CPU
		{650D7DA4-7E39-46C5-A9CC-15FE855C4000}.Release|Any CPU.ActiveCfg = Release|Any CPU
		{E9F477E2-6D3F-4EAF-8615-359DF84295CD}.Debug|Any CPU.ActiveCfg = Debug|Any CPU
		{E9F477E2-6D3F-4EAF-8615-359DF84295CD}.Release|Any CPU.ActiveCfg = Release|Any CPU
		{9779D606-715C-4978-8866-4B550D7401EE}.Debug|Any CPU.ActiveCfg = Debug|Any CPU
		{9779D606-715C-4978-8866-4B550D7401EE}.Release|Any CPU.ActiveCfg = Release|Any CPU
		{55CC4358-FF75-4EAF-80F3-A34E095DFA0F}.Debug|Any CPU.ActiveCfg = Debug|Any CPU
		{55CC4358-FF75-4EAF-80F3-A34E095DFA0F}.Release|Any CPU.ActiveCfg = Release|Any CPU
		{14CF2EDD-75E4-4206-84A5-3E31440D8B70}.Debug|Any CPU.ActiveCfg = Debug|Any CPU
		{14CF2EDD-75E4-4206-84A5-3E31440D8B70}.Release|Any CPU.ActiveCfg = Release|Any CPU
		{6C994C8B-F3DA-4958-B486-6291518EA9DF}.Debug|Any CPU.ActiveCfg = Debug|Any CPU
		{6C994C8B-F3DA-4958-B486-6291518EA9DF}.Release|Any CPU.ActiveCfg = Release|Any CPU
		{89D943D4-305C-4B12-B6B5-1B822E90C301}.Debug|Any CPU.ActiveCfg = Debug|Any CPU
		{89D943D4-305C-4B12-B6B5-1B822E90C301}.Release|Any CPU.ActiveCfg = Release|Any CPU
		{BD1031B8-65CC-47A5-B8A3-8881AEB5D33E}.Debug|Any CPU.ActiveCfg = Debug|Any CPU
		{BD1031B8-65CC-47A5-B8A3-8881AEB5D33E}.Release|Any CPU.ActiveCfg = Release|Any CPU
		{5063507E-F1D3-416A-90AE-7CB5EA7CD7C5}.Debug|Any CPU.ActiveCfg = Debug|Any CPU
		{5063507E-F1D3-416A-90AE-7CB5EA7CD7C5}.Release|Any CPU.ActiveCfg = Release|Any CPU
		{71E107DC-CDE3-4E87-A8D3-0AC8F9D164B3}.Debug|Any CPU.ActiveCfg = Debug|Any CPU
		{71E107DC-CDE3-4E87-A8D3-0AC8F9D164B3}.Release|Any CPU.ActiveCfg = Release|Any CPU
		{7B73DCB0-5AF2-4A8B-B8F9-23DA0957C68C}.Debug|Any CPU.ActiveCfg = Debug|Any CPU
		{7B73DCB0-5AF2-4A8B-B8F9-23DA0957C68C}.Release|Any CPU.ActiveCfg = Release|Any CPU
	EndGlobalSection
	GlobalSection(SolutionProperties) = preSolution
		HideSolutionNode = FALSE
	EndGlobalSection
	GlobalSection(ExtensibilityGlobals) = postSolution
		SolutionGuid = {104050A6-E341-438D-8864-373F2849EFA5}
	EndGlobalSection
EndGlobal
