
Microsoft Visual Studio Solution File, Format Version 12.00
# Visual Studio Version 16
VisualStudioVersion = 16.0.31112.23
MinimumVisualStudioVersion = 10.0.40219.1
Project("{9A19103F-16F7-4668-BE54-9A1E7A4F7556}") = "Call_Python", "Call_Python\Call_Python.csproj", "{5F2A2A24-CAA2-4C97-8475-8A5205F36ED1}"
EndProject
Project("{888888A0-9F3D-457C-B088-3A5042F75D52}") = "list_jpg_disp", "list_jpg_disp\list_jpg_disp.pyproj", "{F1F3032D-96D1-4874-A2BC-63E8FAD0CE48}"
EndProject
Project("{888888A0-9F3D-457C-B088-3A5042F75D52}") = "select_jpg_disp", "select_jpg_disp\select_jpg_disp.pyproj", "{E3D7E54C-E9EC-4AD7-9979-7F0B3DE53F58}"
EndProject
Project("{888888A0-9F3D-457C-B088-3A5042F75D52}") = "MP4_play", "..\..\..\..\..\github\Call_python\MP4_play\MP4_play.pyproj", "{82EBCA92-6B8B-48E1-8DF9-FDADAD21A7B5}"
EndProject
Global
	GlobalSection(SolutionConfigurationPlatforms) = preSolution
		Debug|Any CPU = Debug|Any CPU
		Release|Any CPU = Release|Any CPU
	EndGlobalSection
	GlobalSection(ProjectConfigurationPlatforms) = postSolution
		{5F2A2A24-CAA2-4C97-8475-8A5205F36ED1}.Debug|Any CPU.ActiveCfg = Debug|Any CPU
		{5F2A2A24-CAA2-4C97-8475-8A5205F36ED1}.Debug|Any CPU.Build.0 = Debug|Any CPU
		{5F2A2A24-CAA2-4C97-8475-8A5205F36ED1}.Release|Any CPU.ActiveCfg = Release|Any CPU
		{5F2A2A24-CAA2-4C97-8475-8A5205F36ED1}.Release|Any CPU.Build.0 = Release|Any CPU
		{F1F3032D-96D1-4874-A2BC-63E8FAD0CE48}.Debug|Any CPU.ActiveCfg = Debug|Any CPU
		{F1F3032D-96D1-4874-A2BC-63E8FAD0CE48}.Release|Any CPU.ActiveCfg = Release|Any CPU
		{E3D7E54C-E9EC-4AD7-9979-7F0B3DE53F58}.Debug|Any CPU.ActiveCfg = Debug|Any CPU
		{E3D7E54C-E9EC-4AD7-9979-7F0B3DE53F58}.Release|Any CPU.ActiveCfg = Release|Any CPU
		{82EBCA92-6B8B-48E1-8DF9-FDADAD21A7B5}.Debug|Any CPU.ActiveCfg = Debug|Any CPU
		{82EBCA92-6B8B-48E1-8DF9-FDADAD21A7B5}.Release|Any CPU.ActiveCfg = Release|Any CPU
	EndGlobalSection
	GlobalSection(SolutionProperties) = preSolution
		HideSolutionNode = FALSE
	EndGlobalSection
	GlobalSection(ExtensibilityGlobals) = postSolution
		SolutionGuid = {104050A6-E341-438D-8864-373F2849EFA5}
	EndGlobalSection
EndGlobal
